
Microsoft Visual Studio Solution File, Format Version 12.00
# Visual Studio Version 17
VisualStudioVersion = 17.2.32516.85
MinimumVisualStudioVersion = 10.0.40219.1
Project("{9A19103F-16F7-4668-BE54-9A1E7A4F7556}") = "Cadastrador", "Cadastrador\Cadastrador.csproj", "{CCB80575-286C-43BF-A602-0374F3C53FDA}"
EndProject
Project("{FAE04EC0-301F-11D3-BF4B-00C04F79EFBC}") = "Compartilhado", "Compartilhado\Compartilhado.csproj", "{C3632B58-DEB3-42DC-9291-98E1074D11C9}"
EndProject
Global
	GlobalSection(SolutionConfigurationPlatforms) = preSolution
		Debug|Any CPU = Debug|Any CPU
		Release|Any CPU = Release|Any CPU
	EndGlobalSection
	GlobalSection(ProjectConfigurationPlatforms) = postSolution
		{CCB80575-286C-43BF-A602-0374F3C53FDA}.Debug|Any CPU.ActiveCfg = Debug|Any CPU
		{CCB80575-286C-43BF-A602-0374F3C53FDA}.Debug|Any CPU.Build.0 = Debug|Any CPU
		{CCB80575-286C-43BF-A602-0374F3C53FDA}.Release|Any CPU.ActiveCfg = Release|Any CPU
		{CCB80575-286C-43BF-A602-0374F3C53FDA}.Release|Any CPU.Build.0 = Release|Any CPU
		{C3632B58-DEB3-42DC-9291-98E1074D11C9}.Debug|Any CPU.ActiveCfg = Debug|Any CPU
		{C3632B58-DEB3-42DC-9291-98E1074D11C9}.Debug|Any CPU.Build.0 = Debug|Any CPU
		{C3632B58-DEB3-42DC-9291-98E1074D11C9}.Release|Any CPU.ActiveCfg = Release|Any CPU
		{C3632B58-DEB3-42DC-9291-98E1074D11C9}.Release|Any CPU.Build.0 = Release|Any CPU
	EndGlobalSection
	GlobalSection(SolutionProperties) = preSolution
		HideSolutionNode = FALSE
	EndGlobalSection
	GlobalSection(ExtensibilityGlobals) = postSolution
		SolutionGuid = {70C60537-DF9A-4537-BDCF-B06DBD62F287}
	EndGlobalSection
EndGlobal
